
Microsoft Visual Studio Solution File, Format Version 12.00
# Visual Studio Version 16
VisualStudioVersion = 16.0.31005.135
MinimumVisualStudioVersion = 10.0.40219.1
Project("{9A19103F-16F7-4668-BE54-9A1E7A4F7556}") = "FirstProgram", "FirstProgram\FirstProgram.csproj", "{EEBC8587-ADDE-495F-9C9E-70273DDD7374}"
EndProject
Project("{2150E333-8FDC-42A3-9474-1A3956D46DE8}") = "FirstProgram", "FirstProgram", "{508861A7-4BE4-4FD7-A4A2-F3A59373AE83}"
EndProject
Project("{2150E333-8FDC-42A3-9474-1A3956D46DE8}") = "URI", "URI", "{2883CB7E-9A29-4DA0-9BA4-3E9F64B3E94D}"
EndProject
Project("{FAE04EC0-301F-11D3-BF4B-00C04F79EFBC}") = "Uri1001", "URI\Uri1001\Uri1001.csproj", "{671F736E-BEC8-4136-8D0A-06E77E3C0CF7}"
EndProject
Project("{FAE04EC0-301F-11D3-BF4B-00C04F79EFBC}") = "Uri1002", "URI\Uri1002\Uri1002.csproj", "{7C04F5FD-C354-4068-890B-0FED31368A23}"
EndProject
Project("{FAE04EC0-301F-11D3-BF4B-00C04F79EFBC}") = "Uri1003", "URI\Uri1003\Uri1003.csproj", "{2F5E62BE-A6C9-49F0-B683-5D4916C12DC9}"
EndProject
Project("{FAE04EC0-301F-11D3-BF4B-00C04F79EFBC}") = "Uri1004", "URI\Uri1004\Uri1004.csproj", "{F6A2CB8F-1D92-4D1B-9666-BEFD0A379BB6}"
EndProject
Project("{FAE04EC0-301F-11D3-BF4B-00C04F79EFBC}") = "Uri1005", "URI\Uri1005\Uri1005.csproj", "{CA5963A3-723A-4F93-AF63-AB7D4EEAC557}"
EndProject
Project("{FAE04EC0-301F-11D3-BF4B-00C04F79EFBC}") = "Uri1006", "URI\Uri1006\Uri1006.csproj", "{5FF07FED-075C-478B-B104-60DE4A71ED77}"
EndProject
Project("{2150E333-8FDC-42A3-9474-1A3956D46DE8}") = "Class", "Class", "{D0A7C322-5A75-4FEF-961E-B8133332C91C}"
EndProject
Project("{FAE04EC0-301F-11D3-BF4B-00C04F79EFBC}") = "DataOutput", "Class\DataOutput\DataOutput.csproj", "{E99094B3-0664-470F-9A5C-96223D1C6C0D}"
EndProject
Project("{FAE04EC0-301F-11D3-BF4B-00C04F79EFBC}") = "DataInput", "Class\DataInput\DataInput.csproj", "{0608745E-DBDE-4F43-8FA0-0D922668E258}"
EndProject
Project("{FAE04EC0-301F-11D3-BF4B-00C04F79EFBC}") = "DataInput2", "Class\DataInput2\DataInput2.csproj", "{4D89ABF1-C057-4F09-851B-926394E8C22D}"
EndProject
Global
	GlobalSection(SolutionConfigurationPlatforms) = preSolution
		Debug|Any CPU = Debug|Any CPU
		Release|Any CPU = Release|Any CPU
	EndGlobalSection
	GlobalSection(ProjectConfigurationPlatforms) = postSolution
		{EEBC8587-ADDE-495F-9C9E-70273DDD7374}.Debug|Any CPU.ActiveCfg = Debug|Any CPU
		{EEBC8587-ADDE-495F-9C9E-70273DDD7374}.Debug|Any CPU.Build.0 = Debug|Any CPU
		{EEBC8587-ADDE-495F-9C9E-70273DDD7374}.Release|Any CPU.ActiveCfg = Release|Any CPU
		{EEBC8587-ADDE-495F-9C9E-70273DDD7374}.Release|Any CPU.Build.0 = Release|Any CPU
		{671F736E-BEC8-4136-8D0A-06E77E3C0CF7}.Debug|Any CPU.ActiveCfg = Debug|Any CPU
		{671F736E-BEC8-4136-8D0A-06E77E3C0CF7}.Debug|Any CPU.Build.0 = Debug|Any CPU
		{671F736E-BEC8-4136-8D0A-06E77E3C0CF7}.Release|Any CPU.ActiveCfg = Release|Any CPU
		{671F736E-BEC8-4136-8D0A-06E77E3C0CF7}.Release|Any CPU.Build.0 = Release|Any CPU
		{7C04F5FD-C354-4068-890B-0FED31368A23}.Debug|Any CPU.ActiveCfg = Debug|Any CPU
		{7C04F5FD-C354-4068-890B-0FED31368A23}.Debug|Any CPU.Build.0 = Debug|Any CPU
		{7C04F5FD-C354-4068-890B-0FED31368A23}.Release|Any CPU.ActiveCfg = Release|Any CPU
		{7C04F5FD-C354-4068-890B-0FED31368A23}.Release|Any CPU.Build.0 = Release|Any CPU
		{2F5E62BE-A6C9-49F0-B683-5D4916C12DC9}.Debug|Any CPU.ActiveCfg = Debug|Any CPU
		{2F5E62BE-A6C9-49F0-B683-5D4916C12DC9}.Debug|Any CPU.Build.0 = Debug|Any CPU
		{2F5E62BE-A6C9-49F0-B683-5D4916C12DC9}.Release|Any CPU.ActiveCfg = Release|Any CPU
		{2F5E62BE-A6C9-49F0-B683-5D4916C12DC9}.Release|Any CPU.Build.0 = Release|Any CPU
		{F6A2CB8F-1D92-4D1B-9666-BEFD0A379BB6}.Debug|Any CPU.ActiveCfg = Debug|Any CPU
		{F6A2CB8F-1D92-4D1B-9666-BEFD0A379BB6}.Debug|Any CPU.Build.0 = Debug|Any CPU
		{F6A2CB8F-1D92-4D1B-9666-BEFD0A379BB6}.Release|Any CPU.ActiveCfg = Release|Any CPU
		{F6A2CB8F-1D92-4D1B-9666-BEFD0A379BB6}.Release|Any CPU.Build.0 = Release|Any CPU
		{CA5963A3-723A-4F93-AF63-AB7D4EEAC557}.Debug|Any CPU.ActiveCfg = Debug|Any CPU
		{CA5963A3-723A-4F93-AF63-AB7D4EEAC557}.Debug|Any CPU.Build.0 = Debug|Any CPU
		{CA5963A3-723A-4F93-AF63-AB7D4EEAC557}.Release|Any CPU.ActiveCfg = Release|Any CPU
		{CA5963A3-723A-4F93-AF63-AB7D4EEAC557}.Release|Any CPU.Build.0 = Release|Any CPU
		{5FF07FED-075C-478B-B104-60DE4A71ED77}.Debug|Any CPU.ActiveCfg = Debug|Any CPU
		{5FF07FED-075C-478B-B104-60DE4A71ED77}.Debug|Any CPU.Build.0 = Debug|Any CPU
		{5FF07FED-075C-478B-B104-60DE4A71ED77}.Release|Any CPU.ActiveCfg = Release|Any CPU
		{5FF07FED-075C-478B-B104-60DE4A71ED77}.Release|Any CPU.Build.0 = Release|Any CPU
		{E99094B3-0664-470F-9A5C-96223D1C6C0D}.Debug|Any CPU.ActiveCfg = Debug|Any CPU
		{E99094B3-0664-470F-9A5C-96223D1C6C0D}.Debug|Any CPU.Build.0 = Debug|Any CPU
		{E99094B3-0664-470F-9A5C-96223D1C6C0D}.Release|Any CPU.ActiveCfg = Release|Any CPU
		{E99094B3-0664-470F-9A5C-96223D1C6C0D}.Release|Any CPU.Build.0 = Release|Any CPU
		{0608745E-DBDE-4F43-8FA0-0D922668E258}.Debug|Any CPU.ActiveCfg = Debug|Any CPU
		{0608745E-DBDE-4F43-8FA0-0D922668E258}.Debug|Any CPU.Build.0 = Debug|Any CPU
		{0608745E-DBDE-4F43-8FA0-0D922668E258}.Release|Any CPU.ActiveCfg = Release|Any CPU
		{0608745E-DBDE-4F43-8FA0-0D922668E258}.Release|Any CPU.Build.0 = Release|Any CPU
		{4D89ABF1-C057-4F09-851B-926394E8C22D}.Debug|Any CPU.ActiveCfg = Debug|Any CPU
		{4D89ABF1-C057-4F09-851B-926394E8C22D}.Debug|Any CPU.Build.0 = Debug|Any CPU
		{4D89ABF1-C057-4F09-851B-926394E8C22D}.Release|Any CPU.ActiveCfg = Release|Any CPU
		{4D89ABF1-C057-4F09-851B-926394E8C22D}.Release|Any CPU.Build.0 = Release|Any CPU
	EndGlobalSection
	GlobalSection(SolutionProperties) = preSolution
		HideSolutionNode = FALSE
	EndGlobalSection
	GlobalSection(NestedProjects) = preSolution
		{EEBC8587-ADDE-495F-9C9E-70273DDD7374} = {508861A7-4BE4-4FD7-A4A2-F3A59373AE83}
		{671F736E-BEC8-4136-8D0A-06E77E3C0CF7} = {2883CB7E-9A29-4DA0-9BA4-3E9F64B3E94D}
		{7C04F5FD-C354-4068-890B-0FED31368A23} = {2883CB7E-9A29-4DA0-9BA4-3E9F64B3E94D}
		{2F5E62BE-A6C9-49F0-B683-5D4916C12DC9} = {2883CB7E-9A29-4DA0-9BA4-3E9F64B3E94D}
		{F6A2CB8F-1D92-4D1B-9666-BEFD0A379BB6} = {2883CB7E-9A29-4DA0-9BA4-3E9F64B3E94D}
		{CA5963A3-723A-4F93-AF63-AB7D4EEAC557} = {2883CB7E-9A29-4DA0-9BA4-3E9F64B3E94D}
		{5FF07FED-075C-478B-B104-60DE4A71ED77} = {2883CB7E-9A29-4DA0-9BA4-3E9F64B3E94D}
		{E99094B3-0664-470F-9A5C-96223D1C6C0D} = {D0A7C322-5A75-4FEF-961E-B8133332C91C}
		{0608745E-DBDE-4F43-8FA0-0D922668E258} = {D0A7C322-5A75-4FEF-961E-B8133332C91C}
		{4D89ABF1-C057-4F09-851B-926394E8C22D} = {D0A7C322-5A75-4FEF-961E-B8133332C91C}
	EndGlobalSection
	GlobalSection(ExtensibilityGlobals) = postSolution
		SolutionGuid = {4D3089BE-2536-4531-AD7F-C61D4B7240C3}
	EndGlobalSection
EndGlobal
